
Microsoft Visual Studio Solution File, Format Version 12.00
# Visual Studio Version 17
VisualStudioVersion = 17.4.33213.308
MinimumVisualStudioVersion = 10.0.40219.1
Project("{FAE04EC0-301F-11D3-BF4B-00C04F79EFBC}") = "ASP.NET Identity MVC", "ASP.NET Identity MVC.csproj", "{3814734C-7F1C-4B0D-9B00-D6A99B186F4D}"
EndProject
Global
	GlobalSection(SolutionConfigurationPlatforms) = preSolution
		Debug|Any CPU = Debug|Any CPU
		Release|Any CPU = Release|Any CPU
	EndGlobalSection
	GlobalSection(ProjectConfigurationPlatforms) = postSolution
		{3814734C-7F1C-4B0D-9B00-D6A99B186F4D}.Debug|Any CPU.ActiveCfg = Debug|Any CPU
		{3814734C-7F1C-4B0D-9B00-D6A99B186F4D}.Debug|Any CPU.Build.0 = Debug|Any CPU
		{3814734C-7F1C-4B0D-9B00-D6A99B186F4D}.Release|Any CPU.ActiveCfg = Release|Any CPU
		{3814734C-7F1C-4B0D-9B00-D6A99B186F4D}.Release|Any CPU.Build.0 = Release|Any CPU
	EndGlobalSection
	GlobalSection(SolutionProperties) = preSolution
		HideSolutionNode = FALSE
	EndGlobalSection
	GlobalSection(ExtensibilityGlobals) = postSolution
		SolutionGuid = {D32101CA-1081-4B6F-817F-DDCF4A41E2F0}
	EndGlobalSection
EndGlobal
